
Microsoft Visual Studio Solution File, Format Version 12.00
# Visual Studio Version 16
VisualStudioVersion = 16.0.31624.102
MinimumVisualStudioVersion = 10.0.40219.1
Project("{9A19103F-16F7-4668-BE54-9A1E7A4F7556}") = "TwitchSwordBot", "TwitchSwordBot.csproj", "{49C91B1B-0AA6-4491-A85F-DC09E8A16BE4}"
EndProject
Global
	GlobalSection(SolutionConfigurationPlatforms) = preSolution
		Debug|Any CPU = Debug|Any CPU
		Release|Any CPU = Release|Any CPU
	EndGlobalSection
	GlobalSection(ProjectConfigurationPlatforms) = postSolution
		{49C91B1B-0AA6-4491-A85F-DC09E8A16BE4}.Debug|Any CPU.ActiveCfg = Debug|Any CPU
		{49C91B1B-0AA6-4491-A85F-DC09E8A16BE4}.Debug|Any CPU.Build.0 = Debug|Any CPU
		{49C91B1B-0AA6-4491-A85F-DC09E8A16BE4}.Release|Any CPU.ActiveCfg = Release|Any CPU
		{49C91B1B-0AA6-4491-A85F-DC09E8A16BE4}.Release|Any CPU.Build.0 = Release|Any CPU
	EndGlobalSection
	GlobalSection(SolutionProperties) = preSolution
		HideSolutionNode = FALSE
	EndGlobalSection
	GlobalSection(ExtensibilityGlobals) = postSolution
		SolutionGuid = {D77ACD24-6193-409A-8BDB-B4DF20EA1057}
	EndGlobalSection
EndGlobal
